
Microsoft Visual Studio Solution File, Format Version 12.00
# Visual Studio Version 16
VisualStudioVersion = 16.0.30804.86
MinimumVisualStudioVersion = 10.0.40219.1
Project("{FAE04EC0-301F-11D3-BF4B-00C04F79EFBC}") = "Hamilton Library", "Hamilton Library\Hamilton Library.csproj", "{7A32C592-38D3-4A94-8BD2-440295FF8542}"
EndProject
Global
	GlobalSection(SolutionConfigurationPlatforms) = preSolution
		Debug|Any CPU = Debug|Any CPU
		Release|Any CPU = Release|Any CPU
	EndGlobalSection
	GlobalSection(ProjectConfigurationPlatforms) = postSolution
		{7A32C592-38D3-4A94-8BD2-440295FF8542}.Debug|Any CPU.ActiveCfg = Debug|Any CPU
		{7A32C592-38D3-4A94-8BD2-440295FF8542}.Debug|Any CPU.Build.0 = Debug|Any CPU
		{7A32C592-38D3-4A94-8BD2-440295FF8542}.Release|Any CPU.ActiveCfg = Release|Any CPU
		{7A32C592-38D3-4A94-8BD2-440295FF8542}.Release|Any CPU.Build.0 = Release|Any CPU
	EndGlobalSection
	GlobalSection(SolutionProperties) = preSolution
		HideSolutionNode = FALSE
	EndGlobalSection
	GlobalSection(ExtensibilityGlobals) = postSolution
		SolutionGuid = {102EACB1-18AF-405D-88BD-BED0E256D752}
	EndGlobalSection
EndGlobal
